
Microsoft Visual Studio Solution File, Format Version 12.00
# Visual Studio 15
VisualStudioVersion = 15.0.26730.16
MinimumVisualStudioVersion = 10.0.40219.1
Project("{FAE04EC0-301F-11D3-BF4B-00C04F79EFBC}") = "NDK.AdoConnection", "NDK.AdoConnection\NDK.AdoConnection.csproj", "{851F21B7-AD28-4E43-8D00-755EFC456E80}"
EndProject
Project("{FAE04EC0-301F-11D3-BF4B-00C04F79EFBC}") = "NDK.AdoTest", "NDK.AdoTest\NDK.AdoTest.csproj", "{54EC8790-BEC4-45D6-8575-17F8C8F92DD2}"
EndProject
Global
	GlobalSection(SolutionConfigurationPlatforms) = preSolution
		Debug|Any CPU = Debug|Any CPU
		Release|Any CPU = Release|Any CPU
	EndGlobalSection
	GlobalSection(ProjectConfigurationPlatforms) = postSolution
		{851F21B7-AD28-4E43-8D00-755EFC456E80}.Debug|Any CPU.ActiveCfg = Debug|Any CPU
		{851F21B7-AD28-4E43-8D00-755EFC456E80}.Debug|Any CPU.Build.0 = Debug|Any CPU
		{851F21B7-AD28-4E43-8D00-755EFC456E80}.Release|Any CPU.ActiveCfg = Release|Any CPU
		{851F21B7-AD28-4E43-8D00-755EFC456E80}.Release|Any CPU.Build.0 = Release|Any CPU
		{54EC8790-BEC4-45D6-8575-17F8C8F92DD2}.Debug|Any CPU.ActiveCfg = Debug|Any CPU
		{54EC8790-BEC4-45D6-8575-17F8C8F92DD2}.Debug|Any CPU.Build.0 = Debug|Any CPU
		{54EC8790-BEC4-45D6-8575-17F8C8F92DD2}.Release|Any CPU.ActiveCfg = Release|Any CPU
		{54EC8790-BEC4-45D6-8575-17F8C8F92DD2}.Release|Any CPU.Build.0 = Release|Any CPU
	EndGlobalSection
	GlobalSection(SolutionProperties) = preSolution
		HideSolutionNode = FALSE
	EndGlobalSection
	GlobalSection(ExtensibilityGlobals) = postSolution
		SolutionGuid = {E8808786-A5AD-4C03-A9B1-31983A7A7494}
	EndGlobalSection
EndGlobal
